# This file is automatically @generated by Poetry 1.8.3 and should not be changed by hand.

[[package]]
name = "python-multipart"
version = "0.0.12"
description = "A streaming multipart parser for Python"
optional = false
python-versions = ">=3.8"
files = [
    {file = "python_multipart-0.0.12-py3-none-any.whl", hash = "sha256:43dcf96cf65888a9cd3423544dd0d75ac10f7aa0c3c28a175bbcd00c9ce1aebf"},
    {file = "python_multipart-0.0.12.tar.gz", hash = "sha256:045e1f98d719c1ce085ed7f7e1ef9d8ccc8c02ba02b5566d5f7521410ced58cb"},
]

[metadata]
lock-version = "2.0"
python-versions = "^3.11"
content-hash = "fb27d37ea29cacd88026c30e4ca5a19840358c6181f391e23617457aef1ae32b"
